
Microsoft Visual Studio Solution File, Format Version 12.00
# Visual Studio Version 17
VisualStudioVersion = 17.2.32526.322
MinimumVisualStudioVersion = 10.0.40219.1
Project("{9A19103F-16F7-4668-BE54-9A1E7A4F7556}") = "TexAd", "CodeAlong\TexAd.csproj", "{B2373119-7DFD-41C3-8869-CA0BD928927B}"
EndProject
Global
	GlobalSection(SolutionConfigurationPlatforms) = preSolution
		Debug|Any CPU = Debug|Any CPU
		Release|Any CPU = Release|Any CPU
	EndGlobalSection
	GlobalSection(ProjectConfigurationPlatforms) = postSolution
		{B2373119-7DFD-41C3-8869-CA0BD928927B}.Debug|Any CPU.ActiveCfg = Debug|Any CPU
		{B2373119-7DFD-41C3-8869-CA0BD928927B}.Debug|Any CPU.Build.0 = Debug|Any CPU
		{B2373119-7DFD-41C3-8869-CA0BD928927B}.Release|Any CPU.ActiveCfg = Release|Any CPU
		{B2373119-7DFD-41C3-8869-CA0BD928927B}.Release|Any CPU.Build.0 = Release|Any CPU
	EndGlobalSection
	GlobalSection(SolutionProperties) = preSolution
		HideSolutionNode = FALSE
	EndGlobalSection
	GlobalSection(ExtensibilityGlobals) = postSolution
		SolutionGuid = {B8368683-8C5F-4D49-9A54-638A6CA16E94}
	EndGlobalSection
EndGlobal
