
Microsoft Visual Studio Solution File, Format Version 12.00
# Visual Studio Version 17
VisualStudioVersion = 17.1.32421.90
MinimumVisualStudioVersion = 10.0.40219.1
Project("{FAE04EC0-301F-11D3-BF4B-00C04F79EFBC}") = "Oppgaver om writeline og readline", "Oppgaver om writeline og readline\Oppgaver om writeline og readline.csproj", "{37B21DC8-FA6A-486D-8048-22198F3F60F9}"
EndProject
Global
	GlobalSection(SolutionConfigurationPlatforms) = preSolution
		Debug|Any CPU = Debug|Any CPU
		Release|Any CPU = Release|Any CPU
	EndGlobalSection
	GlobalSection(ProjectConfigurationPlatforms) = postSolution
		{37B21DC8-FA6A-486D-8048-22198F3F60F9}.Debug|Any CPU.ActiveCfg = Debug|Any CPU
		{37B21DC8-FA6A-486D-8048-22198F3F60F9}.Debug|Any CPU.Build.0 = Debug|Any CPU
		{37B21DC8-FA6A-486D-8048-22198F3F60F9}.Release|Any CPU.ActiveCfg = Release|Any CPU
		{37B21DC8-FA6A-486D-8048-22198F3F60F9}.Release|Any CPU.Build.0 = Release|Any CPU
	EndGlobalSection
	GlobalSection(SolutionProperties) = preSolution
		HideSolutionNode = FALSE
	EndGlobalSection
	GlobalSection(ExtensibilityGlobals) = postSolution
		SolutionGuid = {C4473D36-E28F-4A88-926F-E004CDC0FAD9}
	EndGlobalSection
EndGlobal
