
Microsoft Visual Studio Solution File, Format Version 12.00
# Visual Studio Version 17
VisualStudioVersion = 17.3.32804.467
MinimumVisualStudioVersion = 10.0.40219.1
Project("{FAE04EC0-301F-11D3-BF4B-00C04F79EFBC}") = "TextAdventure", "TextAdventure\TextAdventure.csproj", "{FB3F936C-EF81-4BE7-8070-0838FAF29348}"
EndProject
Global
	GlobalSection(SolutionConfigurationPlatforms) = preSolution
		Debug|Any CPU = Debug|Any CPU
		Release|Any CPU = Release|Any CPU
	EndGlobalSection
	GlobalSection(ProjectConfigurationPlatforms) = postSolution
		{FB3F936C-EF81-4BE7-8070-0838FAF29348}.Debug|Any CPU.ActiveCfg = Debug|Any CPU
		{FB3F936C-EF81-4BE7-8070-0838FAF29348}.Debug|Any CPU.Build.0 = Debug|Any CPU
		{FB3F936C-EF81-4BE7-8070-0838FAF29348}.Release|Any CPU.ActiveCfg = Release|Any CPU
		{FB3F936C-EF81-4BE7-8070-0838FAF29348}.Release|Any CPU.Build.0 = Release|Any CPU
	EndGlobalSection
	GlobalSection(SolutionProperties) = preSolution
		HideSolutionNode = FALSE
	EndGlobalSection
	GlobalSection(ExtensibilityGlobals) = postSolution
		SolutionGuid = {BC51CD3B-1331-469C-A8F8-FCFEBCD21C4A}
	EndGlobalSection
EndGlobal
